<?xml version="1.0" encoding="utf-8"?>
<Project ToolsVersion="4.0" xmlns="http://schemas.microsoft.com/developer/msbuild/2003">
  <ItemGroup>
    <Filter Include="Исходные файлы">
      <UniqueIdentifier>{4FC737F1-C7A5-4376-A066-2A32D752A2FF}</UniqueIdentifier>
      <Extensions>cpp;c;cc;cxx;def;odl;idl;hpj;bat;asm;asmx</Extensions>
    </Filter>
    <Filter Include="Файлы заголовков">
      <UniqueIdentifier>{93995380-89BD-4b04-88EB-625FBE52EBFB}</UniqueIdentifier>
      <Extensions>h;hh;hpp;hxx;hm;inl;inc;ipp;xsd</Extensions>
    </Filter>
    <Filter Include="Файлы ресурсов">
      <UniqueIdentifier>{67DA6AB6-F800-4c08-8B7A-83BB121AAD01}</UniqueIdentifier>
      <Extensions>rc;ico;cur;bmp;dlg;rc2;rct;bin;rgs;gif;jpg;jpeg;jpe;resx;tiff;tif;png;wav;mfcribbon-ms</Extensions>
    </Filter>
    <Filter Include="Исходные файлы\Application">
      <UniqueIdentifier>{0cdb4f14-12ab-44c5-9bcd-4a76c9a2c92f}</UniqueIdentifier>
    </Filter>
    <Filter Include="Исходные файлы\Class">
      <UniqueIdentifier>{1ddc3cc6-dd7a-4fda-b398-a828a004f243}</UniqueIdentifier>
    </Filter>
    <Filter Include="Файлы заголовков\Application">
      <UniqueIdentifier>{adadaa62-7974-4256-ac9c-df87260252b9}</UniqueIdentifier>
    </Filter>
    <Filter Include="Файлы заголовков\Class">
      <UniqueIdentifier>{6bb74252-7ae3-4131-b9fc-604fd9271cea}</UniqueIdentifier>
    </Filter>
  </ItemGroup>
  <ItemGroup>
    <ClInclude Include="pch.h">
      <Filter>Файлы заголовков</Filter>
    </ClInclude>
    <ClInclude Include="Func.h">
      <Filter>Файлы заголовков</Filter>
    </ClInclude>
    <ClInclude Include="Utils.h">
      <Filter>Файлы заголовков</Filter>
    </ClInclude>
    <ClInclude Include="TypeStruct.h">
      <Filter>Файлы заголовков</Filter>
    </ClInclude>
    <ClInclude Include="UtilsConsole.h">
      <Filter>Файлы заголовков</Filter>
    </ClInclude>
    <ClInclude Include="FuncTime.h">
      <Filter>Файлы заголовков</Filter>
    </ClInclude>
    <ClInclude Include="Application.h">
      <Filter>Файлы заголовков\Application</Filter>
    </ClInclude>
    <ClInclude Include="App_01.h">
      <Filter>Файлы заголовков\Application</Filter>
    </ClInclude>
    <ClInclude Include="App_All.h">
      <Filter>Файлы заголовков\Application</Filter>
    </ClInclude>
    <ClInclude Include="Televisor.h">
      <Filter>Файлы заголовков\Class</Filter>
    </ClInclude>
    <ClInclude Include="Complex.h">
      <Filter>Файлы заголовков\Class</Filter>
    </ClInclude>
    <ClInclude Include="Blackjack.h">
      <Filter>Файлы заголовков\Class</Filter>
    </ClInclude>
  </ItemGroup>
  <ItemGroup>
    <ClCompile Include="Func.cpp">
      <Filter>Исходные файлы</Filter>
    </ClCompile>
    <ClCompile Include="Utils.cpp">
      <Filter>Исходные файлы</Filter>
    </ClCompile>
    <ClCompile Include="pch.cpp">
      <Filter>Исходные файлы</Filter>
    </ClCompile>
    <ClCompile Include="UtilsConsole.cpp">
      <Filter>Исходные файлы</Filter>
    </ClCompile>
    <ClCompile Include="FuncTime.cpp">
      <Filter>Исходные файлы</Filter>
    </ClCompile>
    <ClCompile Include="Televisor.cpp">
      <Filter>Исходные файлы\Class</Filter>
    </ClCompile>
    <ClCompile Include="HomeWork023class.cpp">
      <Filter>Исходные файлы</Filter>
    </ClCompile>
    <ClCompile Include="Complex.cpp">
      <Filter>Исходные файлы\Class</Filter>
    </ClCompile>
    <ClCompile Include="Blackjack.cpp">
      <Filter>Исходные файлы\Class</Filter>
    </ClCompile>
  </ItemGroup>
  <ItemGroup>
    <None Include="ClassDiagram.cd" />
  </ItemGroup>
</Project>